// !$*UTF8*$!
{
	archiveVersion = 1;
	classes = {
	};
	objectVersion = 77;
	objects = {

/* Begin PBXBuildFile section */
		B7B552D42D725F1600813259 /* FirebaseAnalytics in Frameworks */ = {isa = PBXBuildFile; productRef = B7B552D32D725F1600813259 /* FirebaseAnalytics */; };
		B7B552D62D725F1600813259 /* FirebaseAuth in Frameworks */ = {isa = PBXBuildFile; productRef = B7B552D52D725F1600813259 /* FirebaseAuth */; };
		B7B552D82D725F1600813259 /* FirebaseFirestore in Frameworks */ = {isa = PBXBuildFile; productRef = B7B552D72D725F1600813259 /* FirebaseFirestore */; };
		B7B552DA2D725F1600813259 /* FirebaseStorage in Frameworks */ = {isa = PBXBuildFile; productRef = B7B552D92D725F1600813259 /* FirebaseStorage */; };
/* End PBXBuildFile section */

/* Begin PBXContainerItemProxy section */
		B7B552B62D7250E900813259 /* PBXContainerItemProxy */ = {
			isa = PBXContainerItemProxy;
			containerPortal = B7B5529D2D7250E700813259 /* Project object */;
			proxyType = 1;
			remoteGlobalIDString = B7B552A42D7250E700813259;
			remoteInfo = TopRex;
		};
		B7B552C02D7250E900813259 /* PBXContainerItemProxy */ = {
			isa = PBXContainerItemProxy;
			containerPortal = B7B5529D2D7250E700813259 /* Project object */;
			proxyType = 1;
			remoteGlobalIDString = B7B552A42D7250E700813259;
			remoteInfo = TopRex;
		};
/* End PBXContainerItemProxy section */

/* Begin PBXFileReference section */
		B7B552A52D7250E700813259 /* TopRex.app */ = {isa = PBXFileReference; explicitFileType = wrapper.application; includeInIndex = 0; path = TopRex.app; sourceTree = BUILT_PRODUCTS_DIR; };
		B7B552B52D7250E900813259 /* TopRexTests.xctest */ = {isa = PBXFileReference; explicitFileType = wrapper.cfbundle; includeInIndex = 0; path = TopRexTests.xctest; sourceTree = BUILT_PRODUCTS_DIR; };
		B7B552BF2D7250E900813259 /* TopRexUITests.xctest */ = {isa = PBXFileReference; explicitFileType = wrapper.cfbundle; includeInIndex = 0; path = TopRexUITests.xctest; sourceTree = BUILT_PRODUCTS_DIR; };
/* End PBXFileReference section */

/* Begin PBXFileSystemSynchronizedBuildFileExceptionSet section */
		B7B552DF2D72621100813259 /* Exceptions for "TopRex" folder in "TopRexTests" target */ = {
			isa = PBXFileSystemSynchronizedBuildFileExceptionSet;
			membershipExceptions = (
				"GoogleService-Info.plist",
			);
			target = B7B552B42D7250E900813259 /* TopRexTests */;
		};
		B7B552E02D72621100813259 /* Exceptions for "TopRex" folder in "TopRexUITests" target */ = {
			isa = PBXFileSystemSynchronizedBuildFileExceptionSet;
			membershipExceptions = (
				"GoogleService-Info.plist",
			);
			target = B7B552BE2D7250E900813259 /* TopRexUITests */;
		};
/* End PBXFileSystemSynchronizedBuildFileExceptionSet section */

/* Begin PBXFileSystemSynchronizedRootGroup section */
		B7B552A72D7250E700813259 /* TopRex */ = {
			isa = PBXFileSystemSynchronizedRootGroup;
			exceptions = (
				B7B552DF2D72621100813259 /* Exceptions for "TopRex" folder in "TopRexTests" target */,
				B7B552E02D72621100813259 /* Exceptions for "TopRex" folder in "TopRexUITests" target */,
			);
			path = TopRex;
			sourceTree = "<group>";
		};
		B7B552B82D7250E900813259 /* TopRexTests */ = {
			isa = PBXFileSystemSynchronizedRootGroup;
			path = TopRexTests;
			sourceTree = "<group>";
		};
		B7B552C22D7250E900813259 /* TopRexUITests */ = {
			isa = PBXFileSystemSynchronizedRootGroup;
			path = TopRexUITests;
			sourceTree = "<group>";
		};
/* End PBXFileSystemSynchronizedRootGroup section */

/* Begin PBXFrameworksBuildPhase section */
		B7B552A22D7250E700813259 /* Frameworks */ = {
			isa = PBXFrameworksBuildPhase;
			buildActionMask = 2147483647;
			files = (
				B7B552D42D725F1600813259 /* FirebaseAnalytics in Frameworks */,
				B7B552DA2D725F1600813259 /* FirebaseStorage in Frameworks */,
				B7B552D62D725F1600813259 /* FirebaseAuth in Frameworks */,
				B7B552D82D725F1600813259 /* FirebaseFirestore in Frameworks */,
			);
			runOnlyForDeploymentPostprocessing = 0;
		};
		B7B552B22D7250E900813259 /* Frameworks */ = {
			isa = PBXFrameworksBuildPhase;
			buildActionMask = 2147483647;
			files = (
			);
			runOnlyForDeploymentPostprocessing = 0;
		};
		B7B552BC2D7250E900813259 /* Frameworks */ = {
			isa = PBXFrameworksBuildPhase;
			buildActionMask = 2147483647;
			files = (
			);
			runOnlyForDeploymentPostprocessing = 0;
		};
/* End PBXFrameworksBuildPhase section */

/* Begin PBXGroup section */
		B7B5529C2D7250E700813259 = {
			isa = PBXGroup;
			children = (
				B7B552A72D7250E700813259 /* TopRex */,
				B7B552B82D7250E900813259 /* TopRexTests */,
				B7B552C22D7250E900813259 /* TopRexUITests */,
				B7B552A62D7250E700813259 /* Products */,
			);
			sourceTree = "<group>";
		};
		B7B552A62D7250E700813259 /* Products */ = {
			isa = PBXGroup;
			children = (
				B7B552A52D7250E700813259 /* TopRex.app */,
				B7B552B52D7250E900813259 /* TopRexTests.xctest */,
				B7B552BF2D7250E900813259 /* TopRexUITests.xctest */,
			);
			name = Products;
			sourceTree = "<group>";
		};
/* End PBXGroup section */

/* Begin PBXNativeTarget section */
		B7B552A42D7250E700813259 /* TopRex */ = {
			isa = PBXNativeTarget;
			buildConfigurationList = B7B552C92D7250E900813259 /* Build configuration list for PBXNativeTarget "TopRex" */;
			buildPhases = (
				B7B552A12D7250E700813259 /* Sources */,
				B7B552A22D7250E700813259 /* Frameworks */,
				B7B552A32D7250E700813259 /* Resources */,
			);
			buildRules = (
			);
			dependencies = (
			);
			fileSystemSynchronizedGroups = (
				B7B552A72D7250E700813259 /* TopRex */,
			);
			name = TopRex;
			packageProductDependencies = (
				B7B552D32D725F1600813259 /* FirebaseAnalytics */,
				B7B552D52D725F1600813259 /* FirebaseAuth */,
				B7B552D72D725F1600813259 /* FirebaseFirestore */,
				B7B552D92D725F1600813259 /* FirebaseStorage */,
			);
			productName = TopRex;
			productReference = B7B552A52D7250E700813259 /* TopRex.app */;
			productType = "com.apple.product-type.application";
		};
		B7B552B42D7250E900813259 /* TopRexTests */ = {
			isa = PBXNativeTarget;
			buildConfigurationList = B7B552CC2D7250E900813259 /* Build configuration list for PBXNativeTarget "TopRexTests" */;
			buildPhases = (
				B7B552B12D7250E900813259 /* Sources */,
				B7B552B22D7250E900813259 /* Frameworks */,
				B7B552B32D7250E900813259 /* Resources */,
			);
			buildRules = (
			);
			dependencies = (
				B7B552B72D7250E900813259 /* PBXTargetDependency */,
			);
			fileSystemSynchronizedGroups = (
				B7B552B82D7250E900813259 /* TopRexTests */,
			);
			name = TopRexTests;
			packageProductDependencies = (
			);
			productName = TopRexTests;
			productReference = B7B552B52D7250E900813259 /* TopRexTests.xctest */;
			productType = "com.apple.product-type.bundle.unit-test";
		};
		B7B552BE2D7250E900813259 /* TopRexUITests */ = {
			isa = PBXNativeTarget;
			buildConfigurationList = B7B552CF2D7250E900813259 /* Build configuration list for PBXNativeTarget "TopRexUITests" */;
			buildPhases = (
				B7B552BB2D7250E900813259 /* Sources */,
				B7B552BC2D7250E900813259 /* Frameworks */,
				B7B552BD2D7250E900813259 /* Resources */,
			);
			buildRules = (
			);
			dependencies = (
				B7B552C12D7250E900813259 /* PBXTargetDependency */,
			);
			fileSystemSynchronizedGroups = (
				B7B552C22D7250E900813259 /* TopRexUITests */,
			);
			name = TopRexUITests;
			packageProductDependencies = (
			);
			productName = TopRexUITests;
			productReference = B7B552BF2D7250E900813259 /* TopRexUITests.xctest */;
			productType = "com.apple.product-type.bundle.ui-testing";
		};
/* End PBXNativeTarget section */

/* Begin PBXProject section */
		B7B5529D2D7250E700813259 /* Project object */ = {
			isa = PBXProject;
			attributes = {
				BuildIndependentTargetsInParallel = 1;
				LastSwiftUpdateCheck = 1620;
				LastUpgradeCheck = 1620;
				TargetAttributes = {
					B7B552A42D7250E700813259 = {
						CreatedOnToolsVersion = 16.2;
					};
					B7B552B42D7250E900813259 = {
						CreatedOnToolsVersion = 16.2;
						TestTargetID = B7B552A42D7250E700813259;
					};
					B7B552BE2D7250E900813259 = {
						CreatedOnToolsVersion = 16.2;
						TestTargetID = B7B552A42D7250E700813259;
					};
				};
			};
			buildConfigurationList = B7B552A02D7250E700813259 /* Build configuration list for PBXProject "TopRex" */;
			developmentRegion = en;
			hasScannedForEncodings = 0;
			knownRegions = (
				en,
				Base,
			);
			mainGroup = B7B5529C2D7250E700813259;
			minimizedProjectReferenceProxies = 1;
			packageReferences = (
				B7B552D22D725F1600813259 /* XCRemoteSwiftPackageReference "firebase-ios-sdk" */,
			);
			preferredProjectObjectVersion = 77;
			productRefGroup = B7B552A62D7250E700813259 /* Products */;
			projectDirPath = "";
			projectRoot = "";
			targets = (
				B7B552A42D7250E700813259 /* TopRex */,
				B7B552B42D7250E900813259 /* TopRexTests */,
				B7B552BE2D7250E900813259 /* TopRexUITests */,
			);
		};
/* End PBXProject section */

/* Begin PBXResourcesBuildPhase section */
		B7B552A32D7250E700813259 /* Resources */ = {
			isa = PBXResourcesBuildPhase;
			buildActionMask = 2147483647;
			files = (
			);
			runOnlyForDeploymentPostprocessing = 0;
		};
		B7B552B32D7250E900813259 /* Resources */ = {
			isa = PBXResourcesBuildPhase;
			buildActionMask = 2147483647;
			files = (
			);
			runOnlyForDeploymentPostprocessing = 0;
		};
		B7B552BD2D7250E900813259 /* Resources */ = {
			isa = PBXResourcesBuildPhase;
			buildActionMask = 2147483647;
			files = (
			);
			runOnlyForDeploymentPostprocessing = 0;
		};
/* End PBXResourcesBuildPhase section */

/* Begin PBXSourcesBuildPhase section */
		B7B552A12D7250E700813259 /* Sources */ = {
			isa = PBXSourcesBuildPhase;
			buildActionMask = 2147483647;
			files = (
			);
			runOnlyForDeploymentPostprocessing = 0;
		};
		B7B552B12D7250E900813259 /* Sources */ = {
			isa = PBXSourcesBuildPhase;
			buildActionMask = 2147483647;
			files = (
			);
			runOnlyForDeploymentPostprocessing = 0;
		};
		B7B552BB2D7250E900813259 /* Sources */ = {
			isa = PBXSourcesBuildPhase;
			buildActionMask = 2147483647;
			files = (
			);
			runOnlyForDeploymentPostprocessing = 0;
		};
/* End PBXSourcesBuildPhase section */

/* Begin PBXTargetDependency section */
		B7B552B72D7250E900813259 /* PBXTargetDependency */ = {
			isa = PBXTargetDependency;
			target = B7B552A42D7250E700813259 /* TopRex */;
			targetProxy = B7B552B62D7250E900813259 /* PBXContainerItemProxy */;
		};
		B7B552C12D7250E900813259 /* PBXTargetDependency */ = {
			isa = PBXTargetDependency;
			target = B7B552A42D7250E700813259 /* TopRex */;
			targetProxy = B7B552C02D7250E900813259 /* PBXContainerItemProxy */;
		};
/* End PBXTargetDependency section */

/* Begin XCBuildConfiguration section */
		B7B552C72D7250E900813259 /* Debug */ = {
			isa = XCBuildConfiguration;
			buildSettings = {
				ALWAYS_SEARCH_USER_PATHS = NO;
				ASSETCATALOG_COMPILER_GENERATE_SWIFT_ASSET_SYMBOL_EXTENSIONS = YES;
				CLANG_ANALYZER_NONNULL = YES;
				CLANG_ANALYZER_NUMBER_OBJECT_CONVERSION = YES_AGGRESSIVE;
				CLANG_CXX_LANGUAGE_STANDARD = "gnu++20";
				CLANG_ENABLE_MODULES = YES;
				CLANG_ENABLE_OBJC_ARC = YES;
				CLANG_ENABLE_OBJC_WEAK = YES;
				CLANG_WARN_BLOCK_CAPTURE_AUTORELEASING = YES;
				CLANG_WARN_BOOL_CONVERSION = YES;
				CLANG_WARN_COMMA = YES;
				CLANG_WARN_CONSTANT_CONVERSION = YES;
				CLANG_WARN_DEPRECATED_OBJC_IMPLEMENTATIONS = YES;
				CLANG_WARN_DIRECT_OBJC_ISA_USAGE = YES_ERROR;
				CLANG_WARN_DOCUMENTATION_COMMENTS = YES;
				CLANG_WARN_EMPTY_BODY = YES;
				CLANG_WARN_ENUM_CONVERSION = YES;
				CLANG_WARN_INFINITE_RECURSION = YES;
				CLANG_WARN_INT_CONVERSION = YES;
				CLANG_WARN_NON_LITERAL_NULL_CONVERSION = YES;
				CLANG_WARN_OBJC_IMPLICIT_RETAIN_SELF = YES;
				CLANG_WARN_OBJC_LITERAL_CONVERSION = YES;
				CLANG_WARN_OBJC_ROOT_CLASS = YES_ERROR;
				CLANG_WARN_QUOTED_INCLUDE_IN_FRAMEWORK_HEADER = YES;
				CLANG_WARN_RANGE_LOOP_ANALYSIS = YES;
				CLANG_WARN_STRICT_PROTOTYPES = YES;
				CLANG_WARN_SUSPICIOUS_MOVE = YES;
				CLANG_WARN_UNGUARDED_AVAILABILITY = YES_AGGRESSIVE;
				CLANG_WARN_UNREACHABLE_CODE = YES;
				CLANG_WARN__DUPLICATE_METHOD_MATCH = YES;
				COPY_PHASE_STRIP = NO;
				DEBUG_INFORMATION_FORMAT = dwarf;
				ENABLE_STRICT_OBJC_MSGSEND = YES;
				ENABLE_TESTABILITY = YES;
				ENABLE_USER_SCRIPT_SANDBOXING = YES;
				GCC_C_LANGUAGE_STANDARD = gnu17;
				GCC_DYNAMIC_NO_PIC = NO;
				GCC_NO_COMMON_BLOCKS = YES;
				GCC_OPTIMIZATION_LEVEL = 0;
				GCC_PREPROCESSOR_DEFINITIONS = (
					"DEBUG=1",
					"$(inherited)",
				);
				GCC_WARN_64_TO_32_BIT_CONVERSION = YES;
				GCC_WARN_ABOUT_RETURN_TYPE = YES_ERROR;
				GCC_WARN_UNDECLARED_SELECTOR = YES;
				GCC_WARN_UNINITIALIZED_AUTOS = YES_AGGRESSIVE;
				GCC_WARN_UNUSED_FUNCTION = YES;
				GCC_WARN_UNUSED_VARIABLE = YES;
				IPHONEOS_DEPLOYMENT_TARGET = 18.2;
				LOCALIZATION_PREFERS_STRING_CATALOGS = YES;
				MTL_ENABLE_DEBUG_INFO = INCLUDE_SOURCE;
				MTL_FAST_MATH = YES;
				ONLY_ACTIVE_ARCH = YES;
				SDKROOT = iphoneos;
				SWIFT_ACTIVE_COMPILATION_CONDITIONS = "DEBUG $(inherited)";
				SWIFT_OPTIMIZATION_LEVEL = "-Onone";
			};
			name = Debug;
		};
		B7B552C82D7250E900813259 /* Release */ = {
			isa = XCBuildConfiguration;
			buildSettings = {
				ALWAYS_SEARCH_USER_PATHS = NO;
				ASSETCATALOG_COMPILER_GENERATE_SWIFT_ASSET_SYMBOL_EXTENSIONS = YES;
				CLANG_ANALYZER_NONNULL = YES;
				CLANG_ANALYZER_NUMBER_OBJECT_CONVERSION = YES_AGGRESSIVE;
				CLANG_CXX_LANGUAGE_STANDARD = "gnu++20";
				CLANG_ENABLE_MODULES = YES;
				CLANG_ENABLE_OBJC_ARC = YES;
				CLANG_ENABLE_OBJC_WEAK = YES;
				CLANG_WARN_BLOCK_CAPTURE_AUTORELEASING = YES;
				CLANG_WARN_BOOL_CONVERSION = YES;
				CLANG_WARN_COMMA = YES;
				CLANG_WARN_CONSTANT_CONVERSION = YES;
				CLANG_WARN_DEPRECATED_OBJC_IMPLEMENTATIONS = YES;
				CLANG_WARN_DIRECT_OBJC_ISA_USAGE = YES_ERROR;
				CLANG_WARN_DOCUMENTATION_COMMENTS = YES;
				CLANG_WARN_EMPTY_BODY = YES;
				CLANG_WARN_ENUM_CONVERSION = YES;
				CLANG_WARN_INFINITE_RECURSION = YES;
				CLANG_WARN_INT_CONVERSION = YES;
				CLANG_WARN_NON_LITERAL_NULL_CONVERSION = YES;
				CLANG_WARN_OBJC_IMPLICIT_RETAIN_SELF = YES;
				CLANG_WARN_OBJC_LITERAL_CONVERSION = YES;
				CLANG_WARN_OBJC_ROOT_CLASS = YES_ERROR;
				CLANG_WARN_QUOTED_INCLUDE_IN_FRAMEWORK_HEADER = YES;
				CLANG_WARN_RANGE_LOOP_ANALYSIS = YES;
				CLANG_WARN_STRICT_PROTOTYPES = YES;
				CLANG_WARN_SUSPICIOUS_MOVE = YES;
				CLANG_WARN_UNGUARDED_AVAILABILITY = YES_AGGRESSIVE;
				CLANG_WARN_UNREACHABLE_CODE = YES;
				CLANG_WARN__DUPLICATE_METHOD_MATCH = YES;
				COPY_PHASE_STRIP = NO;
				DEBUG_INFORMATION_FORMAT = "dwarf-with-dsym";
				ENABLE_NS_ASSERTIONS = NO;
				ENABLE_STRICT_OBJC_MSGSEND = YES;
				ENABLE_USER_SCRIPT_SANDBOXING = YES;
				GCC_C_LANGUAGE_STANDARD = gnu17;
				GCC_NO_COMMON_BLOCKS = YES;
				GCC_WARN_64_TO_32_BIT_CONVERSION = YES;
				GCC_WARN_ABOUT_RETURN_TYPE = YES_ERROR;
				GCC_WARN_UNDECLARED_SELECTOR = YES;
				GCC_WARN_UNINITIALIZED_AUTOS = YES_AGGRESSIVE;
				GCC_WARN_UNUSED_FUNCTION = YES;
				GCC_WARN_UNUSED_VARIABLE = YES;
				IPHONEOS_DEPLOYMENT_TARGET = 18.2;
				LOCALIZATION_PREFERS_STRING_CATALOGS = YES;
				MTL_ENABLE_DEBUG_INFO = NO;
				MTL_FAST_MATH = YES;
				SDKROOT = iphoneos;
				SWIFT_COMPILATION_MODE = wholemodule;
				VALIDATE_PRODUCT = YES;
			};
			name = Release;
		};
		B7B552CA2D7250E900813259 /* Debug */ = {
			isa = XCBuildConfiguration;
			buildSettings = {
				ASSETCATALOG_COMPILER_APPICON_NAME = AppIcon;
				ASSETCATALOG_COMPILER_GLOBAL_ACCENT_COLOR_NAME = AccentColor;
				CODE_SIGN_STYLE = Automatic;
				CURRENT_PROJECT_VERSION = 1;
				DEVELOPMENT_ASSET_PATHS = "\"TopRex/Preview Content\"";
				DEVELOPMENT_TEAM = S6ZK6DQX42;
				ENABLE_PREVIEWS = YES;
				GENERATE_INFOPLIST_FILE = YES;
				INFOPLIST_KEY_UIApplicationSceneManifest_Generation = YES;
				INFOPLIST_KEY_UIApplicationSupportsIndirectInputEvents = YES;
				INFOPLIST_KEY_UILaunchScreen_Generation = YES;
				INFOPLIST_KEY_UISupportedInterfaceOrientations_iPad = "UIInterfaceOrientationPortrait UIInterfaceOrientationPortraitUpsideDown UIInterfaceOrientationLandscapeLeft UIInterfaceOrientationLandscapeRight";
				INFOPLIST_KEY_UISupportedInterfaceOrientations_iPhone = "UIInterfaceOrientationPortrait UIInterfaceOrientationLandscapeLeft UIInterfaceOrientationLandscapeRight";
				LD_RUNPATH_SEARCH_PATHS = (
					"$(inherited)",
					"@executable_path/Frameworks",
				);
				MARKETING_VERSION = 1.0;
				PRODUCT_BUNDLE_IDENTIFIER = com.TopRex;
				PRODUCT_NAME = "$(TARGET_NAME)";
				SWIFT_EMIT_LOC_STRINGS = YES;
				SWIFT_VERSION = 5.0;
				TARGETED_DEVICE_FAMILY = "1,2";
			};
			name = Debug;
		};
		B7B552CB2D7250E900813259 /* Release */ = {
			isa = XCBuildConfiguration;
			buildSettings = {
				ASSETCATALOG_COMPILER_APPICON_NAME = AppIcon;
				ASSETCATALOG_COMPILER_GLOBAL_ACCENT_COLOR_NAME = AccentColor;
				CODE_SIGN_STYLE = Automatic;
				CURRENT_PROJECT_VERSION = 1;
				DEVELOPMENT_ASSET_PATHS = "\"TopRex/Preview Content\"";
				DEVELOPMENT_TEAM = S6ZK6DQX42;
				ENABLE_PREVIEWS = YES;
				GENERATE_INFOPLIST_FILE = YES;
				INFOPLIST_KEY_UIApplicationSceneManifest_Generation = YES;
				INFOPLIST_KEY_UIApplicationSupportsIndirectInputEvents = YES;
				INFOPLIST_KEY_UILaunchScreen_Generation = YES;
				INFOPLIST_KEY_UISupportedInterfaceOrientations_iPad = "UIInterfaceOrientationPortrait UIInterfaceOrientationPortraitUpsideDown UIInterfaceOrientationLandscapeLeft UIInterfaceOrientationLandscapeRight";
				INFOPLIST_KEY_UISupportedInterfaceOrientations_iPhone = "UIInterfaceOrientationPortrait UIInterfaceOrientationLandscapeLeft UIInterfaceOrientationLandscapeRight";
				LD_RUNPATH_SEARCH_PATHS = (
					"$(inherited)",
					"@executable_path/Frameworks",
				);
				MARKETING_VERSION = 1.0;
				PRODUCT_BUNDLE_IDENTIFIER = com.TopRex;
				PRODUCT_NAME = "$(TARGET_NAME)";
				SWIFT_EMIT_LOC_STRINGS = YES;
				SWIFT_VERSION = 5.0;
				TARGETED_DEVICE_FAMILY = "1,2";
			};
			name = Release;
		};
		B7B552CD2D7250E900813259 /* Debug */ = {
			isa = XCBuildConfiguration;
			buildSettings = {
				BUNDLE_LOADER = "$(TEST_HOST)";
				CODE_SIGN_STYLE = Automatic;
				CURRENT_PROJECT_VERSION = 1;
				GENERATE_INFOPLIST_FILE = YES;
				IPHONEOS_DEPLOYMENT_TARGET = 18.2;
				MARKETING_VERSION = 1.0;
				PRODUCT_BUNDLE_IDENTIFIER = com.TopRexTests;
				PRODUCT_NAME = "$(TARGET_NAME)";
				SWIFT_EMIT_LOC_STRINGS = NO;
				SWIFT_VERSION = 5.0;
				TARGETED_DEVICE_FAMILY = "1,2";
				TEST_HOST = "$(BUILT_PRODUCTS_DIR)/TopRex.app/$(BUNDLE_EXECUTABLE_FOLDER_PATH)/TopRex";
			};
			name = Debug;
		};
		B7B552CE2D7250E900813259 /* Release */ = {
			isa = XCBuildConfiguration;
			buildSettings = {
				BUNDLE_LOADER = "$(TEST_HOST)";
				CODE_SIGN_STYLE = Automatic;
				CURRENT_PROJECT_VERSION = 1;
				GENERATE_INFOPLIST_FILE = YES;
				IPHONEOS_DEPLOYMENT_TARGET = 18.2;
				MARKETING_VERSION = 1.0;
				PRODUCT_BUNDLE_IDENTIFIER = com.TopRexTests;
				PRODUCT_NAME = "$(TARGET_NAME)";
				SWIFT_EMIT_LOC_STRINGS = NO;
				SWIFT_VERSION = 5.0;
				TARGETED_DEVICE_FAMILY = "1,2";
				TEST_HOST = "$(BUILT_PRODUCTS_DIR)/TopRex.app/$(BUNDLE_EXECUTABLE_FOLDER_PATH)/TopRex";
			};
			name = Release;
		};
		B7B552D02D7250E900813259 /* Debug */ = {
			isa = XCBuildConfiguration;
			buildSettings = {
				CODE_SIGN_STYLE = Automatic;
				CURRENT_PROJECT_VERSION = 1;
				GENERATE_INFOPLIST_FILE = YES;
				MARKETING_VERSION = 1.0;
				PRODUCT_BUNDLE_IDENTIFIER = com.TopRexUITests;
				PRODUCT_NAME = "$(TARGET_NAME)";
				SWIFT_EMIT_LOC_STRINGS = NO;
				SWIFT_VERSION = 5.0;
				TARGETED_DEVICE_FAMILY = "1,2";
				TEST_TARGET_NAME = TopRex;
			};
			name = Debug;
		};
		B7B552D12D7250E900813259 /* Release */ = {
			isa = XCBuildConfiguration;
			buildSettings = {
				CODE_SIGN_STYLE = Automatic;
				CURRENT_PROJECT_VERSION = 1;
				GENERATE_INFOPLIST_FILE = YES;
				MARKETING_VERSION = 1.0;
				PRODUCT_BUNDLE_IDENTIFIER = com.TopRexUITests;
				PRODUCT_NAME = "$(TARGET_NAME)";
				SWIFT_EMIT_LOC_STRINGS = NO;
				SWIFT_VERSION = 5.0;
				TARGETED_DEVICE_FAMILY = "1,2";
				TEST_TARGET_NAME = TopRex;
			};
			name = Release;
		};
/* End XCBuildConfiguration section */

/* Begin XCConfigurationList section */
		B7B552A02D7250E700813259 /* Build configuration list for PBXProject "TopRex" */ = {
			isa = XCConfigurationList;
			buildConfigurations = (
				B7B552C72D7250E900813259 /* Debug */,
				B7B552C82D7250E900813259 /* Release */,
			);
			defaultConfigurationIsVisible = 0;
			defaultConfigurationName = Release;
		};
		B7B552C92D7250E900813259 /* Build configuration list for PBXNativeTarget "TopRex" */ = {
			isa = XCConfigurationList;
			buildConfigurations = (
				B7B552CA2D7250E900813259 /* Debug */,
				B7B552CB2D7250E900813259 /* Release */,
			);
			defaultConfigurationIsVisible = 0;
			defaultConfigurationName = Release;
		};
		B7B552CC2D7250E900813259 /* Build configuration list for PBXNativeTarget "TopRexTests" */ = {
			isa = XCConfigurationList;
			buildConfigurations = (
				B7B552CD2D7250E900813259 /* Debug */,
				B7B552CE2D7250E900813259 /* Release */,
			);
			defaultConfigurationIsVisible = 0;
			defaultConfigurationName = Release;
		};
		B7B552CF2D7250E900813259 /* Build configuration list for PBXNativeTarget "TopRexUITests" */ = {
			isa = XCConfigurationList;
			buildConfigurations = (
				B7B552D02D7250E900813259 /* Debug */,
				B7B552D12D7250E900813259 /* Release */,
			);
			defaultConfigurationIsVisible = 0;
			defaultConfigurationName = Release;
		};
/* End XCConfigurationList section */

/* Begin XCRemoteSwiftPackageReference section */
		B7B552D22D725F1600813259 /* XCRemoteSwiftPackageReference "firebase-ios-sdk" */ = {
			isa = XCRemoteSwiftPackageReference;
			repositoryURL = "https://github.com/firebase/firebase-ios-sdk";
			requirement = {
				kind = upToNextMajorVersion;
				minimumVersion = 11.9.0;
			};
		};
/* End XCRemoteSwiftPackageReference section */

/* Begin XCSwiftPackageProductDependency section */
		B7B552D32D725F1600813259 /* FirebaseAnalytics */ = {
			isa = XCSwiftPackageProductDependency;
			package = B7B552D22D725F1600813259 /* XCRemoteSwiftPackageReference "firebase-ios-sdk" */;
			productName = FirebaseAnalytics;
		};
		B7B552D52D725F1600813259 /* FirebaseAuth */ = {
			isa = XCSwiftPackageProductDependency;
			package = B7B552D22D725F1600813259 /* XCRemoteSwiftPackageReference "firebase-ios-sdk" */;
			productName = FirebaseAuth;
		};
		B7B552D72D725F1600813259 /* FirebaseFirestore */ = {
			isa = XCSwiftPackageProductDependency;
			package = B7B552D22D725F1600813259 /* XCRemoteSwiftPackageReference "firebase-ios-sdk" */;
			productName = FirebaseFirestore;
		};
		B7B552D92D725F1600813259 /* FirebaseStorage */ = {
			isa = XCSwiftPackageProductDependency;
			package = B7B552D22D725F1600813259 /* XCRemoteSwiftPackageReference "firebase-ios-sdk" */;
			productName = FirebaseStorage;
		};
/* End XCSwiftPackageProductDependency section */
	};
	rootObject = B7B5529D2D7250E700813259 /* Project object */;
}
